
Microsoft Visual Studio Solution File, Format Version 12.00
# Visual Studio Version 17
VisualStudioVersion = 17.6.33815.320
MinimumVisualStudioVersion = 10.0.40219.1
Project("{FAE04EC0-301F-11D3-BF4B-00C04F79EFBC}") = "P_1", "P_1\P_1.csproj", "{B3986C72-690C-4B58-9D6E-F3AF578AD666}"
EndProject
Global
	GlobalSection(SolutionConfigurationPlatforms) = preSolution
		Debug|Any CPU = Debug|Any CPU
		Release|Any CPU = Release|Any CPU
	EndGlobalSection
	GlobalSection(ProjectConfigurationPlatforms) = postSolution
		{B3986C72-690C-4B58-9D6E-F3AF578AD666}.Debug|Any CPU.ActiveCfg = Debug|Any CPU
		{B3986C72-690C-4B58-9D6E-F3AF578AD666}.Debug|Any CPU.Build.0 = Debug|Any CPU
		{B3986C72-690C-4B58-9D6E-F3AF578AD666}.Release|Any CPU.ActiveCfg = Release|Any CPU
		{B3986C72-690C-4B58-9D6E-F3AF578AD666}.Release|Any CPU.Build.0 = Release|Any CPU
	EndGlobalSection
	GlobalSection(SolutionProperties) = preSolution
		HideSolutionNode = FALSE
	EndGlobalSection
	GlobalSection(ExtensibilityGlobals) = postSolution
		SolutionGuid = {180860E5-A3DC-4973-A37A-79609E948F0D}
	EndGlobalSection
EndGlobal
